dependencies:
  espressif/led_strip:
    component_hash: 223998f10cae6d81f2ad2dd3c1103c2221be298c708e37917482b0153f3ec64e
    dependencies:
    - name: idf
      require: private
      version: '>=5.0'
    source:
      registry_url: https://components.espressif.com/
      type: service
    version: 3.0.1~1
  idf:
    source:
      type: idf
    version: 5.5.1
direct_dependencies:
- espressif/led_strip
- idf
manifest_hash: 61973c5a084268e251f00a64be298a1ddd981166fabe33b7c6399e4110c8bac4
target: esp32c3
version: 2.0.0
